
Microsoft Visual Studio Solution File, Format Version 12.00
# Visual Studio 2015
Project("{FAE04EC0-301F-11D3-BF4B-00C04F79EFBC}") = "StrongholdSim.CSharp", "StrongholdSim.CSharp.csproj", "{F1598FDF-5B95-26C5-9ED0-7E2C23F8BCFC}"
EndProject
Global
	GlobalSection(SolutionConfigurationPlatforms) = preSolution
		Debug|Any CPU = Debug|Any CPU
		Release|Any CPU = Release|Any CPU
	EndGlobalSection
	GlobalSection(ProjectConfigurationPlatforms) = postSolution
		{F1598FDF-5B95-26C5-9ED0-7E2C23F8BCFC}.Debug|Any CPU.ActiveCfg = Debug|Any CPU
		{F1598FDF-5B95-26C5-9ED0-7E2C23F8BCFC}.Debug|Any CPU.Build.0 = Debug|Any CPU
		{F1598FDF-5B95-26C5-9ED0-7E2C23F8BCFC}.Release|Any CPU.ActiveCfg = Release|Any CPU
		{F1598FDF-5B95-26C5-9ED0-7E2C23F8BCFC}.Release|Any CPU.Build.0 = Release|Any CPU
	EndGlobalSection
	GlobalSection(SolutionProperties) = preSolution
		HideSolutionNode = FALSE
	EndGlobalSection
EndGlobal
